
Microsoft Visual Studio Solution File, Format Version 12.00
# Visual Studio Version 17
VisualStudioVersion = 17.10.35122.118
MinimumVisualStudioVersion = 10.0.40219.1
Project("{FAE04EC0-301F-11D3-BF4B-00C04F79EFBC}") = "ReserlyAPI", "ReserlyAPI\ReserlyAPI.csproj", "{B19BF77F-EB86-4F95-B87B-7BB81131AD73}"
EndProject
Global
	GlobalSection(SolutionConfigurationPlatforms) = preSolution
		Debug|Any CPU = Debug|Any CPU
		Release|Any CPU = Release|Any CPU
	EndGlobalSection
	GlobalSection(ProjectConfigurationPlatforms) = postSolution
		{B19BF77F-EB86-4F95-B87B-7BB81131AD73}.Debug|Any CPU.ActiveCfg = Debug|Any CPU
		{B19BF77F-EB86-4F95-B87B-7BB81131AD73}.Debug|Any CPU.Build.0 = Debug|Any CPU
		{B19BF77F-EB86-4F95-B87B-7BB81131AD73}.Release|Any CPU.ActiveCfg = Release|Any CPU
		{B19BF77F-EB86-4F95-B87B-7BB81131AD73}.Release|Any CPU.Build.0 = Release|Any CPU
	EndGlobalSection
	GlobalSection(SolutionProperties) = preSolution
		HideSolutionNode = FALSE
	EndGlobalSection
	GlobalSection(ExtensibilityGlobals) = postSolution
		SolutionGuid = {DB941B09-6EEF-431A-A3B4-3F6FDC04663F}
	EndGlobalSection
EndGlobal
